
Microsoft Visual Studio Solution File, Format Version 12.00
# Visual Studio Version 17
VisualStudioVersion = 17.1.32414.318
MinimumVisualStudioVersion = 10.0.40219.1
Project("{FAE04EC0-301F-11D3-BF4B-00C04F79EFBC}") = "Alons_CloverByte_Test", "Alons_CloverByte_Test\Alons_CloverByte_Test.csproj", "{53DFF319-22E7-4B97-896E-88011CDBCF85}"
EndProject
Global
	GlobalSection(SolutionConfigurationPlatforms) = preSolution
		Debug|Any CPU = Debug|Any CPU
		Release|Any CPU = Release|Any CPU
	EndGlobalSection
	GlobalSection(ProjectConfigurationPlatforms) = postSolution
		{53DFF319-22E7-4B97-896E-88011CDBCF85}.Debug|Any CPU.ActiveCfg = Debug|Any CPU
		{53DFF319-22E7-4B97-896E-88011CDBCF85}.Debug|Any CPU.Build.0 = Debug|Any CPU
		{53DFF319-22E7-4B97-896E-88011CDBCF85}.Release|Any CPU.ActiveCfg = Release|Any CPU
		{53DFF319-22E7-4B97-896E-88011CDBCF85}.Release|Any CPU.Build.0 = Release|Any CPU
	EndGlobalSection
	GlobalSection(SolutionProperties) = preSolution
		HideSolutionNode = FALSE
	EndGlobalSection
	GlobalSection(ExtensibilityGlobals) = postSolution
		SolutionGuid = {6E09B122-807C-4957-BD25-280366FE679B}
	EndGlobalSection
EndGlobal
